# This file is automatically @generated by Cargo.
# It is not intended for manual editing.
version = 4

[[package]]
name = "disk-nix-cli"
version = "0.1.0"
dependencies = [
 "disk-nix-model",
 "disk-nix-plan",
 "disk-nix-probe",
]

[[package]]
name = "disk-nix-model"
version = "0.1.0"

[[package]]
name = "disk-nix-plan"
version = "0.1.0"
dependencies = [
 "disk-nix-model",
]

[[package]]
name = "disk-nix-probe"
version = "0.1.0"
dependencies = [
 "disk-nix-model",
]
